{
  "name": "nodejs-crud",
  "version": "1.0.0",
  "lockfileVersion": 1,
  "requires": true,
  "dependencies": {
    "cassandra-driver": {
      "version": "4.1.0",
      "resolved": "https://registry.npmjs.org/cassandra-driver/-/cassandra-driver-4.1.0.tgz",
      "integrity": "sha512-MHI8PcCCaPEa9DKsP+L6MsokrK5Twhu4UBb3reyEAezB0XFhu7DnjDcfWuDHpzmuCY3OSmgskO1pnoz1GsRIIA==",
      "requires": {
        "long": "^2.2.0"
      }
    },
    "dse-driver": {
      "version": "2.1.0",
      "resolved": "https://registry.npmjs.org/dse-driver/-/dse-driver-2.1.0.tgz",
      "integrity": "sha512-H/wujDfkJcBdY8iv1kNCdjCKPfn5fX4WuACEnQQWtkZdghRkLhTMIi0TL+uQY69u3hSba3TXPcH8MYW+BvYuCA==",
      "requires": {
        "long": "^2.2.0"
      }
    },
    "long": {
      "version": "2.4.0",
      "resolved": "https://registry.npmjs.org/long/-/long-2.4.0.tgz",
      "integrity": "sha1-n6GAux2VAM3CnEFWdmoZleH0Uk8="
    }
  }
}
